{
  "name": "Pravdomil Maps",
  "lockfileVersion": 3,
  "requires": true,
  "packages": {
    "": {
      "devDependencies": {
        "elm-utils": "github:pravdomil/elm-utils"
      }
    },
    "node_modules/elm-utils": {
      "resolved": "git+ssh://git@github.com/pravdomil/elm-utils.git#fa42a397248a48d79bea65c054a836628b45a60e",
      "dev": true
    }
  }
}
